// !$*UTF8*$!
{
	archiveVersion = 1;
	classes = {
	};
	objectVersion = 55;
	objects = {

/* Begin PBXBuildFile section */
		27CD8C4FB473C168126F8D1E /* Pods_WeatherUpdateSingaporeTests.framework in Frameworks */ = {isa = PBXBuildFile; fileRef = 802CFF6074F3AFB9E7E1C506 /* Pods_WeatherUpdateSingaporeTests.framework */; };
		3BA3D36D56CFD0F9A566215E /* Pods_WeatherUpdateSingapore.framework in Frameworks */ = {isa = PBXBuildFile; fileRef = 69334D8A9E53BC32A16EB924 /* Pods_WeatherUpdateSingapore.framework */; };
		E2AEB681A22E789C7F4F393D /* Pods_WeatherUpdateSingapore_WeatherUpdateSingaporeUITests.framework in Frameworks */ = {isa = PBXBuildFile; fileRef = 403603BE6CB062E7E80FA747 /* Pods_WeatherUpdateSingapore_WeatherUpdateSingaporeUITests.framework */; };
		E48E752E29AB311B005DE928 /* AppDelegate.swift in Sources */ = {isa = PBXBuildFile; fileRef = E48E752D29AB311B005DE928 /* AppDelegate.swift */; };
		E48E753029AB311B005DE928 /* SceneDelegate.swift in Sources */ = {isa = PBXBuildFile; fileRef = E48E752F29AB311B005DE928 /* SceneDelegate.swift */; };
		E48E753229AB311B005DE928 /* InitialViewController.swift in Sources */ = {isa = PBXBuildFile; fileRef = E48E753129AB311B005DE928 /* InitialViewController.swift */; };
		E48E753529AB311B005DE928 /* Main.storyboard in Resources */ = {isa = PBXBuildFile; fileRef = E48E753329AB311B005DE928 /* Main.storyboard */; };
		E48E753829AB311B005DE928 /* WeatherUpdateSingapore.xcdatamodeld in Sources */ = {isa = PBXBuildFile; fileRef = E48E753629AB311B005DE928 /* WeatherUpdateSingapore.xcdatamodeld */; };
		E48E753A29AB311D005DE928 /* Assets.xcassets in Resources */ = {isa = PBXBuildFile; fileRef = E48E753929AB311D005DE928 /* Assets.xcassets */; };
		E48E753D29AB311D005DE928 /* LaunchScreen.storyboard in Resources */ = {isa = PBXBuildFile; fileRef = E48E753B29AB311D005DE928 /* LaunchScreen.storyboard */; };
		E48E754829AB311D005DE928 /* WeatherUpdateSingaporeTests.swift in Sources */ = {isa = PBXBuildFile; fileRef = E48E754729AB311D005DE928 /* WeatherUpdateSingaporeTests.swift */; };
		E48E755229AB311D005DE928 /* WeatherUpdateSingaporeUITests.swift in Sources */ = {isa = PBXBuildFile; fileRef = E48E755129AB311D005DE928 /* WeatherUpdateSingaporeUITests.swift */; };
		E48E755429AB311D005DE928 /* WeatherUpdateSingaporeUITestsLaunchTests.swift in Sources */ = {isa = PBXBuildFile; fileRef = E48E755329AB311D005DE928 /* WeatherUpdateSingaporeUITestsLaunchTests.swift */; };
		E48E756729ABBE9E005DE928 /* AppConstant.swift in Sources */ = {isa = PBXBuildFile; fileRef = E48E756629ABBE9E005DE928 /* AppConstant.swift */; };
		E48E756B29ABC578005DE928 /* WeatherForecastModel.swift in Sources */ = {isa = PBXBuildFile; fileRef = E48E756A29ABC578005DE928 /* WeatherForecastModel.swift */; };
		E48E756D29ABC5A0005DE928 /* AirTemperatureInfoModel.swift in Sources */ = {isa = PBXBuildFile; fileRef = E48E756C29ABC5A0005DE928 /* AirTemperatureInfoModel.swift */; };
		E48E756F29ABC5B9005DE928 /* RainfallInfoModel.swift in Sources */ = {isa = PBXBuildFile; fileRef = E48E756E29ABC5B9005DE928 /* RainfallInfoModel.swift */; };
		E48E757129ABC5DB005DE928 /* RelativeHumidityInfoModel.swift in Sources */ = {isa = PBXBuildFile; fileRef = E48E757029ABC5DB005DE928 /* RelativeHumidityInfoModel.swift */; };
		E48E757329ABC603005DE928 /* WindDirectionInfoModel.swift in Sources */ = {isa = PBXBuildFile; fileRef = E48E757229ABC603005DE928 /* WindDirectionInfoModel.swift */; };
		E48E757529ABC626005DE928 /* WindSpeedInfoModel.swift in Sources */ = {isa = PBXBuildFile; fileRef = E48E757429ABC626005DE928 /* WindSpeedInfoModel.swift */; };
		E48E757729ABC653005DE928 /* TrafficImageInfoModel.swift in Sources */ = {isa = PBXBuildFile; fileRef = E48E757629ABC653005DE928 /* TrafficImageInfoModel.swift */; };
		E48E757929ABC7E1005DE928 /* ApiService.swift in Sources */ = {isa = PBXBuildFile; fileRef = E48E757829ABC7E1005DE928 /* ApiService.swift */; };
		E48E757C29ABE557005DE928 /* ApiEndpoints.swift in Sources */ = {isa = PBXBuildFile; fileRef = E48E757B29ABE557005DE928 /* ApiEndpoints.swift */; };
		E48E757E29ABF4C2005DE928 /* MapViewController.swift in Sources */ = {isa = PBXBuildFile; fileRef = E48E757D29ABF4C2005DE928 /* MapViewController.swift */; };
		E48E758029ABFED5005DE928 /* UpdatedWeatherInfoModel.swift in Sources */ = {isa = PBXBuildFile; fileRef = E48E757F29ABFED5005DE928 /* UpdatedWeatherInfoModel.swift */; };
		E48E758229ACC4AB005DE928 /* Extensions.swift in Sources */ = {isa = PBXBuildFile; fileRef = E48E758129ACC4AB005DE928 /* Extensions.swift */; };
		E491A0C529ACFDBA0005C582 /* MarkerWindow.xib in Resources */ = {isa = PBXBuildFile; fileRef = E491A0C429ACFDBA0005C582 /* MarkerWindow.xib */; };
		E491A0C729ACFDFB0005C582 /* MarkerWindow.swift in Sources */ = {isa = PBXBuildFile; fileRef = E491A0C629ACFDFB0005C582 /* MarkerWindow.swift */; };
		E491A0C929ADF2800005C582 /* ForecastMapViewController.swift in Sources */ = {isa = PBXBuildFile; fileRef = E491A0C829ADF2800005C582 /* ForecastMapViewController.swift */; };
		E491A0CB29AE10530005C582 /* TrafficMarkerWindow.swift in Sources */ = {isa = PBXBuildFile; fileRef = E491A0CA29AE10530005C582 /* TrafficMarkerWindow.swift */; };
		E491A0CD29AE106C0005C582 /* TrafficMarkerWindow.xib in Resources */ = {isa = PBXBuildFile; fileRef = E491A0CC29AE106C0005C582 /* TrafficMarkerWindow.xib */; };
/* End PBXBuildFile section */

/* Begin PBXContainerItemProxy section */
		E48E754429AB311D005DE928 /* PBXContainerItemProxy */ = {
			isa = PBXContainerItemProxy;
			containerPortal = E48E752229AB311B005DE928 /* Project object */;
			proxyType = 1;
			remoteGlobalIDString = E48E752929AB311B005DE928;
			remoteInfo = WeatherUpdateSingapore;
		};
		E48E754E29AB311D005DE928 /* PBXContainerItemProxy */ = {
			isa = PBXContainerItemProxy;
			containerPortal = E48E752229AB311B005DE928 /* Project object */;
			proxyType = 1;
			remoteGlobalIDString = E48E752929AB311B005DE928;
			remoteInfo = WeatherUpdateSingapore;
		};
/* End PBXContainerItemProxy section */

/* Begin PBXFileReference section */
		08D902DC87A8CC2FFB3054B8 /* Pods-WeatherUpdateSingaporeTests.debug.xcconfig */ = {isa = PBXFileReference; includeInIndex = 1; lastKnownFileType = text.xcconfig; name = "Pods-WeatherUpdateSingaporeTests.debug.xcconfig"; path = "Target Support Files/Pods-WeatherUpdateSingaporeTests/Pods-WeatherUpdateSingaporeTests.debug.xcconfig"; sourceTree = "<group>"; };
		36CF2D9BEF3616A3A36701F3 /* Pods-WeatherUpdateSingaporeTests.release.xcconfig */ = {isa = PBXFileReference; includeInIndex = 1; lastKnownFileType = text.xcconfig; name = "Pods-WeatherUpdateSingaporeTests.release.xcconfig"; path = "Target Support Files/Pods-WeatherUpdateSingaporeTests/Pods-WeatherUpdateSingaporeTests.release.xcconfig"; sourceTree = "<group>"; };
		403603BE6CB062E7E80FA747 /* Pods_WeatherUpdateSingapore_WeatherUpdateSingaporeUITests.framework */ = {isa = PBXFileReference; explicitFileType = wrapper.framework; includeInIndex = 0; path = Pods_WeatherUpdateSingapore_WeatherUpdateSingaporeUITests.framework; sourceTree = BUILT_PRODUCTS_DIR; };
		435EF995C3E7AB61903F3989 /* Pods-WeatherUpdateSingapore.debug.xcconfig */ = {isa = PBXFileReference; includeInIndex = 1; lastKnownFileType = text.xcconfig; name = "Pods-WeatherUpdateSingapore.debug.xcconfig"; path = "Target Support Files/Pods-WeatherUpdateSingapore/Pods-WeatherUpdateSingapore.debug.xcconfig"; sourceTree = "<group>"; };
		69334D8A9E53BC32A16EB924 /* Pods_WeatherUpdateSingapore.framework */ = {isa = PBXFileReference; explicitFileType = wrapper.framework; includeInIndex = 0; path = Pods_WeatherUpdateSingapore.framework; sourceTree = BUILT_PRODUCTS_DIR; };
		775E2802AE24712ABA2DA9AB /* Pods-WeatherUpdateSingapore.release.xcconfig */ = {isa = PBXFileReference; includeInIndex = 1; lastKnownFileType = text.xcconfig; name = "Pods-WeatherUpdateSingapore.release.xcconfig"; path = "Target Support Files/Pods-WeatherUpdateSingapore/Pods-WeatherUpdateSingapore.release.xcconfig"; sourceTree = "<group>"; };
		802CFF6074F3AFB9E7E1C506 /* Pods_WeatherUpdateSingaporeTests.framework */ = {isa = PBXFileReference; explicitFileType = wrapper.framework; includeInIndex = 0; path = Pods_WeatherUpdateSingaporeTests.framework; sourceTree = BUILT_PRODUCTS_DIR; };
		980F57AD3105DA15D8D360DC /* Pods-WeatherUpdateSingapore-WeatherUpdateSingaporeUITests.debug.xcconfig */ = {isa = PBXFileReference; includeInIndex = 1; lastKnownFileType = text.xcconfig; name = "Pods-WeatherUpdateSingapore-WeatherUpdateSingaporeUITests.debug.xcconfig"; path = "Target Support Files/Pods-WeatherUpdateSingapore-WeatherUpdateSingaporeUITests/Pods-WeatherUpdateSingapore-WeatherUpdateSingaporeUITests.debug.xcconfig"; sourceTree = "<group>"; };
		981A14C4CFB1C0AA11405ECF /* Pods-WeatherUpdateSingapore-WeatherUpdateSingaporeUITests.release.xcconfig */ = {isa = PBXFileReference; includeInIndex = 1; lastKnownFileType = text.xcconfig; name = "Pods-WeatherUpdateSingapore-WeatherUpdateSingaporeUITests.release.xcconfig"; path = "Target Support Files/Pods-WeatherUpdateSingapore-WeatherUpdateSingaporeUITests/Pods-WeatherUpdateSingapore-WeatherUpdateSingaporeUITests.release.xcconfig"; sourceTree = "<group>"; };
		E48E752A29AB311B005DE928 /* WeatherUpdateSingapore.app */ = {isa = PBXFileReference; explicitFileType = wrapper.application; includeInIndex = 0; path = WeatherUpdateSingapore.app; sourceTree = BUILT_PRODUCTS_DIR; };
		E48E752D29AB311B005DE928 /* AppDelegate.swift */ = {isa = PBXFileReference; lastKnownFileType = sourcecode.swift; path = AppDelegate.swift; sourceTree = "<group>"; };
		E48E752F29AB311B005DE928 /* SceneDelegate.swift */ = {isa = PBXFileReference; lastKnownFileType = sourcecode.swift; path = SceneDelegate.swift; sourceTree = "<group>"; };
		E48E753129AB311B005DE928 /* InitialViewController.swift */ = {isa = PBXFileReference; lastKnownFileType = sourcecode.swift; path = InitialViewController.swift; sourceTree = "<group>"; };
		E48E753429AB311B005DE928 /* Base */ = {isa = PBXFileReference; lastKnownFileType = file.storyboard; name = Base; path = Base.lproj/Main.storyboard; sourceTree = "<group>"; };
		E48E753729AB311B005DE928 /* WeatherUpdateSingapore.xcdatamodel */ = {isa = PBXFileReference; lastKnownFileType = wrapper.xcdatamodel; path = WeatherUpdateSingapore.xcdatamodel; sourceTree = "<group>"; };
		E48E753929AB311D005DE928 /* Assets.xcassets */ = {isa = PBXFileReference; lastKnownFileType = folder.assetcatalog; path = Assets.xcassets; sourceTree = "<group>"; };
		E48E753C29AB311D005DE928 /* Base */ = {isa = PBXFileReference; lastKnownFileType = file.storyboard; name = Base; path = Base.lproj/LaunchScreen.storyboard; sourceTree = "<group>"; };
		E48E753E29AB311D005DE928 /* Info.plist */ = {isa = PBXFileReference; lastKnownFileType = text.plist.xml; path = Info.plist; sourceTree = "<group>"; };
		E48E754329AB311D005DE928 /* WeatherUpdateSingaporeTests.xctest */ = {isa = PBXFileReference; explicitFileType = wrapper.cfbundle; includeInIndex = 0; path = WeatherUpdateSingaporeTests.xctest; sourceTree = BUILT_PRODUCTS_DIR; };
		E48E754729AB311D005DE928 /* WeatherUpdateSingaporeTests.swift */ = {isa = PBXFileReference; lastKnownFileType = sourcecode.swift; path = WeatherUpdateSingaporeTests.swift; sourceTree = "<group>"; };
		E48E754D29AB311D005DE928 /* WeatherUpdateSingaporeUITests.xctest */ = {isa = PBXFileReference; explicitFileType = wrapper.cfbundle; includeInIndex = 0; path = WeatherUpdateSingaporeUITests.xctest; sourceTree = BUILT_PRODUCTS_DIR; };
		E48E755129AB311D005DE928 /* WeatherUpdateSingaporeUITests.swift */ = {isa = PBXFileReference; lastKnownFileType = sourcecode.swift; path = WeatherUpdateSingaporeUITests.swift; sourceTree = "<group>"; };
		E48E755329AB311D005DE928 /* WeatherUpdateSingaporeUITestsLaunchTests.swift */ = {isa = PBXFileReference; lastKnownFileType = sourcecode.swift; path = WeatherUpdateSingaporeUITestsLaunchTests.swift; sourceTree = "<group>"; };
		E48E756629ABBE9E005DE928 /* AppConstant.swift */ = {isa = PBXFileReference; lastKnownFileType = sourcecode.swift; path = AppConstant.swift; sourceTree = "<group>"; };
		E48E756A29ABC578005DE928 /* WeatherForecastModel.swift */ = {isa = PBXFileReference; lastKnownFileType = sourcecode.swift; path = WeatherForecastModel.swift; sourceTree = "<group>"; };
		E48E756C29ABC5A0005DE928 /* AirTemperatureInfoModel.swift */ = {isa = PBXFileReference; lastKnownFileType = sourcecode.swift; path = AirTemperatureInfoModel.swift; sourceTree = "<group>"; };
		E48E756E29ABC5B9005DE928 /* RainfallInfoModel.swift */ = {isa = PBXFileReference; lastKnownFileType = sourcecode.swift; path = RainfallInfoModel.swift; sourceTree = "<group>"; };
		E48E757029ABC5DB005DE928 /* RelativeHumidityInfoModel.swift */ = {isa = PBXFileReference; lastKnownFileType = sourcecode.swift; path = RelativeHumidityInfoModel.swift; sourceTree = "<group>"; };
		E48E757229ABC603005DE928 /* WindDirectionInfoModel.swift */ = {isa = PBXFileReference; lastKnownFileType = sourcecode.swift; path = WindDirectionInfoModel.swift; sourceTree = "<group>"; };
		E48E757429ABC626005DE928 /* WindSpeedInfoModel.swift */ = {isa = PBXFileReference; lastKnownFileType = sourcecode.swift; path = WindSpeedInfoModel.swift; sourceTree = "<group>"; };
		E48E757629ABC653005DE928 /* TrafficImageInfoModel.swift */ = {isa = PBXFileReference; lastKnownFileType = sourcecode.swift; path = TrafficImageInfoModel.swift; sourceTree = "<group>"; };
		E48E757829ABC7E1005DE928 /* ApiService.swift */ = {isa = PBXFileReference; lastKnownFileType = sourcecode.swift; path = ApiService.swift; sourceTree = "<group>"; };
		E48E757B29ABE557005DE928 /* ApiEndpoints.swift */ = {isa = PBXFileReference; lastKnownFileType = sourcecode.swift; path = ApiEndpoints.swift; sourceTree = "<group>"; };
		E48E757D29ABF4C2005DE928 /* MapViewController.swift */ = {isa = PBXFileReference; lastKnownFileType = sourcecode.swift; path = MapViewController.swift; sourceTree = "<group>"; };
		E48E757F29ABFED5005DE928 /* UpdatedWeatherInfoModel.swift */ = {isa = PBXFileReference; lastKnownFileType = sourcecode.swift; path = UpdatedWeatherInfoModel.swift; sourceTree = "<group>"; };
		E48E758129ACC4AB005DE928 /* Extensions.swift */ = {isa = PBXFileReference; lastKnownFileType = sourcecode.swift; path = Extensions.swift; sourceTree = "<group>"; };
		E491A0C429ACFDBA0005C582 /* MarkerWindow.xib */ = {isa = PBXFileReference; lastKnownFileType = file.xib; path = MarkerWindow.xib; sourceTree = "<group>"; };
		E491A0C629ACFDFB0005C582 /* MarkerWindow.swift */ = {isa = PBXFileReference; lastKnownFileType = sourcecode.swift; path = MarkerWindow.swift; sourceTree = "<group>"; };
		E491A0C829ADF2800005C582 /* ForecastMapViewController.swift */ = {isa = PBXFileReference; lastKnownFileType = sourcecode.swift; path = ForecastMapViewController.swift; sourceTree = "<group>"; };
		E491A0CA29AE10530005C582 /* TrafficMarkerWindow.swift */ = {isa = PBXFileReference; lastKnownFileType = sourcecode.swift; path = TrafficMarkerWindow.swift; sourceTree = "<group>"; };
		E491A0CC29AE106C0005C582 /* TrafficMarkerWindow.xib */ = {isa = PBXFileReference; lastKnownFileType = file.xib; path = TrafficMarkerWindow.xib; sourceTree = "<group>"; };
/* End PBXFileReference section */

/* Begin PBXFrameworksBuildPhase section */
		E48E752729AB311B005DE928 /* Frameworks */ = {
			isa = PBXFrameworksBuildPhase;
			buildActionMask = 2147483647;
			files = (
				3BA3D36D56CFD0F9A566215E /* Pods_WeatherUpdateSingapore.framework in Frameworks */,
			);
			runOnlyForDeploymentPostprocessing = 0;
		};
		E48E754029AB311D005DE928 /* Frameworks */ = {
			isa = PBXFrameworksBuildPhase;
			buildActionMask = 2147483647;
			files = (
				27CD8C4FB473C168126F8D1E /* Pods_WeatherUpdateSingaporeTests.framework in Frameworks */,
			);
			runOnlyForDeploymentPostprocessing = 0;
		};
		E48E754A29AB311D005DE928 /* Frameworks */ = {
			isa = PBXFrameworksBuildPhase;
			buildActionMask = 2147483647;
			files = (
				E2AEB681A22E789C7F4F393D /* Pods_WeatherUpdateSingapore_WeatherUpdateSingaporeUITests.framework in Frameworks */,
			);
			runOnlyForDeploymentPostprocessing = 0;
		};
/* End PBXFrameworksBuildPhase section */

/* Begin PBXGroup section */
		13BCE4966809EFB580B91090 /* Pods */ = {
			isa = PBXGroup;
			children = (
				435EF995C3E7AB61903F3989 /* Pods-WeatherUpdateSingapore.debug.xcconfig */,
				775E2802AE24712ABA2DA9AB /* Pods-WeatherUpdateSingapore.release.xcconfig */,
				980F57AD3105DA15D8D360DC /* Pods-WeatherUpdateSingapore-WeatherUpdateSingaporeUITests.debug.xcconfig */,
				981A14C4CFB1C0AA11405ECF /* Pods-WeatherUpdateSingapore-WeatherUpdateSingaporeUITests.release.xcconfig */,
				08D902DC87A8CC2FFB3054B8 /* Pods-WeatherUpdateSingaporeTests.debug.xcconfig */,
				36CF2D9BEF3616A3A36701F3 /* Pods-WeatherUpdateSingaporeTests.release.xcconfig */,
			);
			path = Pods;
			sourceTree = "<group>";
		};
		E48E752129AB311B005DE928 = {
			isa = PBXGroup;
			children = (
				E48E752C29AB311B005DE928 /* WeatherUpdateSingapore */,
				E48E754629AB311D005DE928 /* WeatherUpdateSingaporeTests */,
				E48E755029AB311D005DE928 /* WeatherUpdateSingaporeUITests */,
				E48E752B29AB311B005DE928 /* Products */,
				13BCE4966809EFB580B91090 /* Pods */,
				F935560D14E152515D52FD5F /* Frameworks */,
			);
			sourceTree = "<group>";
		};
		E48E752B29AB311B005DE928 /* Products */ = {
			isa = PBXGroup;
			children = (
				E48E752A29AB311B005DE928 /* WeatherUpdateSingapore.app */,
				E48E754329AB311D005DE928 /* WeatherUpdateSingaporeTests.xctest */,
				E48E754D29AB311D005DE928 /* WeatherUpdateSingaporeUITests.xctest */,
			);
			name = Products;
			sourceTree = "<group>";
		};
		E48E752C29AB311B005DE928 /* WeatherUpdateSingapore */ = {
			isa = PBXGroup;
			children = (
				E48E756029AB312A005DE928 /* Controllers */,
				E491A0C329ACFD770005C582 /* Views */,
				E48E756329AB3214005DE928 /* NetworkCall */,
				E48E756229AB3207005DE928 /* Models */,
				E48E756529ABBE72005DE928 /* Constant */,
				E48E757A29ABD31B005DE928 /* Extensions */,
				E48E756429AB32D7005DE928 /* Asset */,
				E48E756129AB3146005DE928 /* Storyboards */,
				E48E752F29AB311B005DE928 /* SceneDelegate.swift */,
				E48E752D29AB311B005DE928 /* AppDelegate.swift */,
				E48E753E29AB311D005DE928 /* Info.plist */,
				E48E753629AB311B005DE928 /* WeatherUpdateSingapore.xcdatamodeld */,
			);
			path = WeatherUpdateSingapore;
			sourceTree = "<group>";
		};
		E48E754629AB311D005DE928 /* WeatherUpdateSingaporeTests */ = {
			isa = PBXGroup;
			children = (
				E48E754729AB311D005DE928 /* WeatherUpdateSingaporeTests.swift */,
			);
			path = WeatherUpdateSingaporeTests;
			sourceTree = "<group>";
		};
		E48E755029AB311D005DE928 /* WeatherUpdateSingaporeUITests */ = {
			isa = PBXGroup;
			children = (
				E48E755129AB311D005DE928 /* WeatherUpdateSingaporeUITests.swift */,
				E48E755329AB311D005DE928 /* WeatherUpdateSingaporeUITestsLaunchTests.swift */,
			);
			path = WeatherUpdateSingaporeUITests;
			sourceTree = "<group>";
		};
		E48E756029AB312A005DE928 /* Controllers */ = {
			isa = PBXGroup;
			children = (
				E48E753129AB311B005DE928 /* InitialViewController.swift */,
				E48E757D29ABF4C2005DE928 /* MapViewController.swift */,
				E491A0C829ADF2800005C582 /* ForecastMapViewController.swift */,
			);
			path = Controllers;
			sourceTree = "<group>";
		};
		E48E756129AB3146005DE928 /* Storyboards */ = {
			isa = PBXGroup;
			children = (
				E48E753329AB311B005DE928 /* Main.storyboard */,
				E48E753B29AB311D005DE928 /* LaunchScreen.storyboard */,
			);
			path = Storyboards;
			sourceTree = "<group>";
		};
		E48E756229AB3207005DE928 /* Models */ = {
			isa = PBXGroup;
			children = (
				E48E756A29ABC578005DE928 /* WeatherForecastModel.swift */,
				E48E756C29ABC5A0005DE928 /* AirTemperatureInfoModel.swift */,
				E48E756E29ABC5B9005DE928 /* RainfallInfoModel.swift */,
				E48E757029ABC5DB005DE928 /* RelativeHumidityInfoModel.swift */,
				E48E757229ABC603005DE928 /* WindDirectionInfoModel.swift */,
				E48E757429ABC626005DE928 /* WindSpeedInfoModel.swift */,
				E48E757629ABC653005DE928 /* TrafficImageInfoModel.swift */,
				E48E757F29ABFED5005DE928 /* UpdatedWeatherInfoModel.swift */,
			);
			path = Models;
			sourceTree = "<group>";
		};
		E48E756329AB3214005DE928 /* NetworkCall */ = {
			isa = PBXGroup;
			children = (
				E48E757829ABC7E1005DE928 /* ApiService.swift */,
			);
			path = NetworkCall;
			sourceTree = "<group>";
		};
		E48E756429AB32D7005DE928 /* Asset */ = {
			isa = PBXGroup;
			children = (
				E48E753929AB311D005DE928 /* Assets.xcassets */,
			);
			path = Asset;
			sourceTree = "<group>";
		};
		E48E756529ABBE72005DE928 /* Constant */ = {
			isa = PBXGroup;
			children = (
				E48E756629ABBE9E005DE928 /* AppConstant.swift */,
				E48E757B29ABE557005DE928 /* ApiEndpoints.swift */,
			);
			path = Constant;
			sourceTree = "<group>";
		};
		E48E757A29ABD31B005DE928 /* Extensions */ = {
			isa = PBXGroup;
			children = (
				E48E758129ACC4AB005DE928 /* Extensions.swift */,
			);
			path = Extensions;
			sourceTree = "<group>";
		};
		E491A0C329ACFD770005C582 /* Views */ = {
			isa = PBXGroup;
			children = (
				E491A0C429ACFDBA0005C582 /* MarkerWindow.xib */,
				E491A0C629ACFDFB0005C582 /* MarkerWindow.swift */,
				E491A0CA29AE10530005C582 /* TrafficMarkerWindow.swift */,
				E491A0CC29AE106C0005C582 /* TrafficMarkerWindow.xib */,
			);
			path = Views;
			sourceTree = "<group>";
		};
		F935560D14E152515D52FD5F /* Frameworks */ = {
			isa = PBXGroup;
			children = (
				69334D8A9E53BC32A16EB924 /* Pods_WeatherUpdateSingapore.framework */,
				403603BE6CB062E7E80FA747 /* Pods_WeatherUpdateSingapore_WeatherUpdateSingaporeUITests.framework */,
				802CFF6074F3AFB9E7E1C506 /* Pods_WeatherUpdateSingaporeTests.framework */,
			);
			name = Frameworks;
			sourceTree = "<group>";
		};
/* End PBXGroup section */

/* Begin PBXNativeTarget section */
		E48E752929AB311B005DE928 /* WeatherUpdateSingapore */ = {
			isa = PBXNativeTarget;
			buildConfigurationList = E48E755729AB311D005DE928 /* Build configuration list for PBXNativeTarget "WeatherUpdateSingapore" */;
			buildPhases = (
				E00CB6630F3EC070B5B3B2A2 /* [CP] Check Pods Manifest.lock */,
				E48E752629AB311B005DE928 /* Sources */,
				E48E752729AB311B005DE928 /* Frameworks */,
				E48E752829AB311B005DE928 /* Resources */,
				F150D6C482909FAE99273C4C /* [CP] Copy Pods Resources */,
			);
			buildRules = (
			);
			dependencies = (
			);
			name = WeatherUpdateSingapore;
			productName = WeatherUpdateSingapore;
			productReference = E48E752A29AB311B005DE928 /* WeatherUpdateSingapore.app */;
			productType = "com.apple.product-type.application";
		};
		E48E754229AB311D005DE928 /* WeatherUpdateSingaporeTests */ = {
			isa = PBXNativeTarget;
			buildConfigurationList = E48E755A29AB311D005DE928 /* Build configuration list for PBXNativeTarget "WeatherUpdateSingaporeTests" */;
			buildPhases = (
				B7A8C84591950ADFEB96C496 /* [CP] Check Pods Manifest.lock */,
				E48E753F29AB311D005DE928 /* Sources */,
				E48E754029AB311D005DE928 /* Frameworks */,
				E48E754129AB311D005DE928 /* Resources */,
			);
			buildRules = (
			);
			dependencies = (
				E48E754529AB311D005DE928 /* PBXTargetDependency */,
			);
			name = WeatherUpdateSingaporeTests;
			productName = WeatherUpdateSingaporeTests;
			productReference = E48E754329AB311D005DE928 /* WeatherUpdateSingaporeTests.xctest */;
			productType = "com.apple.product-type.bundle.unit-test";
		};
		E48E754C29AB311D005DE928 /* WeatherUpdateSingaporeUITests */ = {
			isa = PBXNativeTarget;
			buildConfigurationList = E48E755D29AB311D005DE928 /* Build configuration list for PBXNativeTarget "WeatherUpdateSingaporeUITests" */;
			buildPhases = (
				DC98ECA1B31460413E16749E /* [CP] Check Pods Manifest.lock */,
				E48E754929AB311D005DE928 /* Sources */,
				E48E754A29AB311D005DE928 /* Frameworks */,
				E48E754B29AB311D005DE928 /* Resources */,
				2374EAA24E154C14196EDDD8 /* [CP] Copy Pods Resources */,
			);
			buildRules = (
			);
			dependencies = (
				E48E754F29AB311D005DE928 /* PBXTargetDependency */,
			);
			name = WeatherUpdateSingaporeUITests;
			productName = WeatherUpdateSingaporeUITests;
			productReference = E48E754D29AB311D005DE928 /* WeatherUpdateSingaporeUITests.xctest */;
			productType = "com.apple.product-type.bundle.ui-testing";
		};
/* End PBXNativeTarget section */

/* Begin PBXProject section */
		E48E752229AB311B005DE928 /* Project object */ = {
			isa = PBXProject;
			attributes = {
				BuildIndependentTargetsInParallel = 1;
				LastSwiftUpdateCheck = 1340;
				LastUpgradeCheck = 1340;
				TargetAttributes = {
					E48E752929AB311B005DE928 = {
						CreatedOnToolsVersion = 13.4.1;
					};
					E48E754229AB311D005DE928 = {
						CreatedOnToolsVersion = 13.4.1;
						TestTargetID = E48E752929AB311B005DE928;
					};
					E48E754C29AB311D005DE928 = {
						CreatedOnToolsVersion = 13.4.1;
						TestTargetID = E48E752929AB311B005DE928;
					};
				};
			};
			buildConfigurationList = E48E752529AB311B005DE928 /* Build configuration list for PBXProject "WeatherUpdateSingapore" */;
			compatibilityVersion = "Xcode 13.0";
			developmentRegion = en;
			hasScannedForEncodings = 0;
			knownRegions = (
				en,
				Base,
			);
			mainGroup = E48E752129AB311B005DE928;
			productRefGroup = E48E752B29AB311B005DE928 /* Products */;
			projectDirPath = "";
			projectRoot = "";
			targets = (
				E48E752929AB311B005DE928 /* WeatherUpdateSingapore */,
				E48E754229AB311D005DE928 /* WeatherUpdateSingaporeTests */,
				E48E754C29AB311D005DE928 /* WeatherUpdateSingaporeUITests */,
			);
		};
/* End PBXProject section */

/* Begin PBXResourcesBuildPhase section */
		E48E752829AB311B005DE928 /* Resources */ = {
			isa = PBXResourcesBuildPhase;
			buildActionMask = 2147483647;
			files = (
				E48E753D29AB311D005DE928 /* LaunchScreen.storyboard in Resources */,
				E48E753A29AB311D005DE928 /* Assets.xcassets in Resources */,
				E491A0CD29AE106C0005C582 /* TrafficMarkerWindow.xib in Resources */,
				E48E753529AB311B005DE928 /* Main.storyboard in Resources */,
				E491A0C529ACFDBA0005C582 /* MarkerWindow.xib in Resources */,
			);
			runOnlyForDeploymentPostprocessing = 0;
		};
		E48E754129AB311D005DE928 /* Resources */ = {
			isa = PBXResourcesBuildPhase;
			buildActionMask = 2147483647;
			files = (
			);
			runOnlyForDeploymentPostprocessing = 0;
		};
		E48E754B29AB311D005DE928 /* Resources */ = {
			isa = PBXResourcesBuildPhase;
			buildActionMask = 2147483647;
			files = (
			);
			runOnlyForDeploymentPostprocessing = 0;
		};
/* End PBXResourcesBuildPhase section */

/* Begin PBXShellScriptBuildPhase section */
		2374EAA24E154C14196EDDD8 /* [CP] Copy Pods Resources */ = {
			isa = PBXShellScriptBuildPhase;
			buildActionMask = 2147483647;
			files = (
			);
			inputFileListPaths = (
				"${PODS_ROOT}/Target Support Files/Pods-WeatherUpdateSingapore-WeatherUpdateSingaporeUITests/Pods-WeatherUpdateSingapore-WeatherUpdateSingaporeUITests-resources-${CONFIGURATION}-input-files.xcfilelist",
			);
			name = "[CP] Copy Pods Resources";
			outputFileListPaths = (
				"${PODS_ROOT}/Target Support Files/Pods-WeatherUpdateSingapore-WeatherUpdateSingaporeUITests/Pods-WeatherUpdateSingapore-WeatherUpdateSingaporeUITests-resources-${CONFIGURATION}-output-files.xcfilelist",
			);
			runOnlyForDeploymentPostprocessing = 0;
			shellPath = /bin/sh;
			shellScript = "\"${PODS_ROOT}/Target Support Files/Pods-WeatherUpdateSingapore-WeatherUpdateSingaporeUITests/Pods-WeatherUpdateSingapore-WeatherUpdateSingaporeUITests-resources.sh\"\n";
			showEnvVarsInLog = 0;
		};
		B7A8C84591950ADFEB96C496 /* [CP] Check Pods Manifest.lock */ = {
			isa = PBXShellScriptBuildPhase;
			buildActionMask = 2147483647;
			files = (
			);
			inputFileListPaths = (
			);
			inputPaths = (
				"${PODS_PODFILE_DIR_PATH}/Podfile.lock",
				"${PODS_ROOT}/Manifest.lock",
			);
			name = "[CP] Check Pods Manifest.lock";
			outputFileListPaths = (
			);
			outputPaths = (
				"$(DERIVED_FILE_DIR)/Pods-WeatherUpdateSingaporeTests-checkManifestLockResult.txt",
			);
			runOnlyForDeploymentPostprocessing = 0;
			shellPath = /bin/sh;
			shellScript = "diff \"${PODS_PODFILE_DIR_PATH}/Podfile.lock\" \"${PODS_ROOT}/Manifest.lock\" > /dev/null\nif [ $? != 0 ] ; then\n    # print error to STDERR\n    echo \"error: The sandbox is not in sync with the Podfile.lock. Run 'pod install' or update your CocoaPods installation.\" >&2\n    exit 1\nfi\n# This output is used by Xcode 'outputs' to avoid re-running this script phase.\necho \"SUCCESS\" > \"${SCRIPT_OUTPUT_FILE_0}\"\n";
			showEnvVarsInLog = 0;
		};
		DC98ECA1B31460413E16749E /* [CP] Check Pods Manifest.lock */ = {
			isa = PBXShellScriptBuildPhase;
			buildActionMask = 2147483647;
			files = (
			);
			inputFileListPaths = (
			);
			inputPaths = (
				"${PODS_PODFILE_DIR_PATH}/Podfile.lock",
				"${PODS_ROOT}/Manifest.lock",
			);
			name = "[CP] Check Pods Manifest.lock";
			outputFileListPaths = (
			);
			outputPaths = (
				"$(DERIVED_FILE_DIR)/Pods-WeatherUpdateSingapore-WeatherUpdateSingaporeUITests-checkManifestLockResult.txt",
			);
			runOnlyForDeploymentPostprocessing = 0;
			shellPath = /bin/sh;
			shellScript = "diff \"${PODS_PODFILE_DIR_PATH}/Podfile.lock\" \"${PODS_ROOT}/Manifest.lock\" > /dev/null\nif [ $? != 0 ] ; then\n    # print error to STDERR\n    echo \"error: The sandbox is not in sync with the Podfile.lock. Run 'pod install' or update your CocoaPods installation.\" >&2\n    exit 1\nfi\n# This output is used by Xcode 'outputs' to avoid re-running this script phase.\necho \"SUCCESS\" > \"${SCRIPT_OUTPUT_FILE_0}\"\n";
			showEnvVarsInLog = 0;
		};
		E00CB6630F3EC070B5B3B2A2 /* [CP] Check Pods Manifest.lock */ = {
			isa = PBXShellScriptBuildPhase;
			buildActionMask = 2147483647;
			files = (
			);
			inputFileListPaths = (
			);
			inputPaths = (
				"${PODS_PODFILE_DIR_PATH}/Podfile.lock",
				"${PODS_ROOT}/Manifest.lock",
			);
			name = "[CP] Check Pods Manifest.lock";
			outputFileListPaths = (
			);
			outputPaths = (
				"$(DERIVED_FILE_DIR)/Pods-WeatherUpdateSingapore-checkManifestLockResult.txt",
			);
			runOnlyForDeploymentPostprocessing = 0;
			shellPath = /bin/sh;
			shellScript = "diff \"${PODS_PODFILE_DIR_PATH}/Podfile.lock\" \"${PODS_ROOT}/Manifest.lock\" > /dev/null\nif [ $? != 0 ] ; then\n    # print error to STDERR\n    echo \"error: The sandbox is not in sync with the Podfile.lock. Run 'pod install' or update your CocoaPods installation.\" >&2\n    exit 1\nfi\n# This output is used by Xcode 'outputs' to avoid re-running this script phase.\necho \"SUCCESS\" > \"${SCRIPT_OUTPUT_FILE_0}\"\n";
			showEnvVarsInLog = 0;
		};
		F150D6C482909FAE99273C4C /* [CP] Copy Pods Resources */ = {
			isa = PBXShellScriptBuildPhase;
			buildActionMask = 2147483647;
			files = (
			);
			inputFileListPaths = (
				"${PODS_ROOT}/Target Support Files/Pods-WeatherUpdateSingapore/Pods-WeatherUpdateSingapore-resources-${CONFIGURATION}-input-files.xcfilelist",
			);
			name = "[CP] Copy Pods Resources";
			outputFileListPaths = (
				"${PODS_ROOT}/Target Support Files/Pods-WeatherUpdateSingapore/Pods-WeatherUpdateSingapore-resources-${CONFIGURATION}-output-files.xcfilelist",
			);
			runOnlyForDeploymentPostprocessing = 0;
			shellPath = /bin/sh;
			shellScript = "\"${PODS_ROOT}/Target Support Files/Pods-WeatherUpdateSingapore/Pods-WeatherUpdateSingapore-resources.sh\"\n";
			showEnvVarsInLog = 0;
		};
/* End PBXShellScriptBuildPhase section */

/* Begin PBXSourcesBuildPhase section */
		E48E752629AB311B005DE928 /* Sources */ = {
			isa = PBXSourcesBuildPhase;
			buildActionMask = 2147483647;
			files = (
				E48E757329ABC603005DE928 /* WindDirectionInfoModel.swift in Sources */,
				E48E753229AB311B005DE928 /* InitialViewController.swift in Sources */,
				E48E756B29ABC578005DE928 /* WeatherForecastModel.swift in Sources */,
				E48E757129ABC5DB005DE928 /* RelativeHumidityInfoModel.swift in Sources */,
				E48E752E29AB311B005DE928 /* AppDelegate.swift in Sources */,
				E491A0CB29AE10530005C582 /* TrafficMarkerWindow.swift in Sources */,
				E48E757729ABC653005DE928 /* TrafficImageInfoModel.swift in Sources */,
				E48E756729ABBE9E005DE928 /* AppConstant.swift in Sources */,
				E48E757529ABC626005DE928 /* WindSpeedInfoModel.swift in Sources */,
				E48E753829AB311B005DE928 /* WeatherUpdateSingapore.xcdatamodeld in Sources */,
				E48E757C29ABE557005DE928 /* ApiEndpoints.swift in Sources */,
				E48E756F29ABC5B9005DE928 /* RainfallInfoModel.swift in Sources */,
				E48E753029AB311B005DE928 /* SceneDelegate.swift in Sources */,
				E48E758029ABFED5005DE928 /* UpdatedWeatherInfoModel.swift in Sources */,
				E48E757929ABC7E1005DE928 /* ApiService.swift in Sources */,
				E48E758229ACC4AB005DE928 /* Extensions.swift in Sources */,
				E491A0C929ADF2800005C582 /* ForecastMapViewController.swift in Sources */,
				E491A0C729ACFDFB0005C582 /* MarkerWindow.swift in Sources */,
				E48E757E29ABF4C2005DE928 /* MapViewController.swift in Sources */,
				E48E756D29ABC5A0005DE928 /* AirTemperatureInfoModel.swift in Sources */,
			);
			runOnlyForDeploymentPostprocessing = 0;
		};
		E48E753F29AB311D005DE928 /* Sources */ = {
			isa = PBXSourcesBuildPhase;
			buildActionMask = 2147483647;
			files = (
				E48E754829AB311D005DE928 /* WeatherUpdateSingaporeTests.swift in Sources */,
			);
			runOnlyForDeploymentPostprocessing = 0;
		};
		E48E754929AB311D005DE928 /* Sources */ = {
			isa = PBXSourcesBuildPhase;
			buildActionMask = 2147483647;
			files = (
				E48E755229AB311D005DE928 /* WeatherUpdateSingaporeUITests.swift in Sources */,
				E48E755429AB311D005DE928 /* WeatherUpdateSingaporeUITestsLaunchTests.swift in Sources */,
			);
			runOnlyForDeploymentPostprocessing = 0;
		};
/* End PBXSourcesBuildPhase section */

/* Begin PBXTargetDependency section */
		E48E754529AB311D005DE928 /* PBXTargetDependency */ = {
			isa = PBXTargetDependency;
			target = E48E752929AB311B005DE928 /* WeatherUpdateSingapore */;
			targetProxy = E48E754429AB311D005DE928 /* PBXContainerItemProxy */;
		};
		E48E754F29AB311D005DE928 /* PBXTargetDependency */ = {
			isa = PBXTargetDependency;
			target = E48E752929AB311B005DE928 /* WeatherUpdateSingapore */;
			targetProxy = E48E754E29AB311D005DE928 /* PBXContainerItemProxy */;
		};
/* End PBXTargetDependency section */

/* Begin PBXVariantGroup section */
		E48E753329AB311B005DE928 /* Main.storyboard */ = {
			isa = PBXVariantGroup;
			children = (
				E48E753429AB311B005DE928 /* Base */,
			);
			name = Main.storyboard;
			sourceTree = "<group>";
		};
		E48E753B29AB311D005DE928 /* LaunchScreen.storyboard */ = {
			isa = PBXVariantGroup;
			children = (
				E48E753C29AB311D005DE928 /* Base */,
			);
			name = LaunchScreen.storyboard;
			sourceTree = "<group>";
		};
/* End PBXVariantGroup section */

/* Begin XCBuildConfiguration section */
		E48E755529AB311D005DE928 /* Debug */ = {
			isa = XCBuildConfiguration;
			buildSettings = {
				ALWAYS_SEARCH_USER_PATHS = NO;
				CLANG_ANALYZER_NONNULL = YES;
				CLANG_ANALYZER_NUMBER_OBJECT_CONVERSION = YES_AGGRESSIVE;
				CLANG_CXX_LANGUAGE_STANDARD = "gnu++17";
				CLANG_ENABLE_MODULES = YES;
				CLANG_ENABLE_OBJC_ARC = YES;
				CLANG_ENABLE_OBJC_WEAK = YES;
				CLANG_WARN_BLOCK_CAPTURE_AUTORELEASING = YES;
				CLANG_WARN_BOOL_CONVERSION = YES;
				CLANG_WARN_COMMA = YES;
				CLANG_WARN_CONSTANT_CONVERSION = YES;
				CLANG_WARN_DEPRECATED_OBJC_IMPLEMENTATIONS = YES;
				CLANG_WARN_DIRECT_OBJC_ISA_USAGE = YES_ERROR;
				CLANG_WARN_DOCUMENTATION_COMMENTS = YES;
				CLANG_WARN_EMPTY_BODY = YES;
				CLANG_WARN_ENUM_CONVERSION = YES;
				CLANG_WARN_INFINITE_RECURSION = YES;
				CLANG_WARN_INT_CONVERSION = YES;
				CLANG_WARN_NON_LITERAL_NULL_CONVERSION = YES;
				CLANG_WARN_OBJC_IMPLICIT_RETAIN_SELF = YES;
				CLANG_WARN_OBJC_LITERAL_CONVERSION = YES;
				CLANG_WARN_OBJC_ROOT_CLASS = YES_ERROR;
				CLANG_WARN_QUOTED_INCLUDE_IN_FRAMEWORK_HEADER = YES;
				CLANG_WARN_RANGE_LOOP_ANALYSIS = YES;
				CLANG_WARN_STRICT_PROTOTYPES = YES;
				CLANG_WARN_SUSPICIOUS_MOVE = YES;
				CLANG_WARN_UNGUARDED_AVAILABILITY = YES_AGGRESSIVE;
				CLANG_WARN_UNREACHABLE_CODE = YES;
				CLANG_WARN__DUPLICATE_METHOD_MATCH = YES;
				COPY_PHASE_STRIP = NO;
				DEBUG_INFORMATION_FORMAT = dwarf;
				ENABLE_STRICT_OBJC_MSGSEND = YES;
				ENABLE_TESTABILITY = YES;
				GCC_C_LANGUAGE_STANDARD = gnu11;
				GCC_DYNAMIC_NO_PIC = NO;
				GCC_NO_COMMON_BLOCKS = YES;
				GCC_OPTIMIZATION_LEVEL = 0;
				GCC_PREPROCESSOR_DEFINITIONS = (
					"DEBUG=1",
					"$(inherited)",
				);
				GCC_WARN_64_TO_32_BIT_CONVERSION = YES;
				GCC_WARN_ABOUT_RETURN_TYPE = YES_ERROR;
				GCC_WARN_UNDECLARED_SELECTOR = YES;
				GCC_WARN_UNINITIALIZED_AUTOS = YES_AGGRESSIVE;
				GCC_WARN_UNUSED_FUNCTION = YES;
				GCC_WARN_UNUSED_VARIABLE = YES;
				IPHONEOS_DEPLOYMENT_TARGET = 15.5;
				MTL_ENABLE_DEBUG_INFO = INCLUDE_SOURCE;
				MTL_FAST_MATH = YES;
				ONLY_ACTIVE_ARCH = YES;
				SDKROOT = iphoneos;
				SWIFT_ACTIVE_COMPILATION_CONDITIONS = DEBUG;
				SWIFT_OPTIMIZATION_LEVEL = "-Onone";
			};
			name = Debug;
		};
		E48E755629AB311D005DE928 /* Release */ = {
			isa = XCBuildConfiguration;
			buildSettings = {
				ALWAYS_SEARCH_USER_PATHS = NO;
				CLANG_ANALYZER_NONNULL = YES;
				CLANG_ANALYZER_NUMBER_OBJECT_CONVERSION = YES_AGGRESSIVE;
				CLANG_CXX_LANGUAGE_STANDARD = "gnu++17";
				CLANG_ENABLE_MODULES = YES;
				CLANG_ENABLE_OBJC_ARC = YES;
				CLANG_ENABLE_OBJC_WEAK = YES;
				CLANG_WARN_BLOCK_CAPTURE_AUTORELEASING = YES;
				CLANG_WARN_BOOL_CONVERSION = YES;
				CLANG_WARN_COMMA = YES;
				CLANG_WARN_CONSTANT_CONVERSION = YES;
				CLANG_WARN_DEPRECATED_OBJC_IMPLEMENTATIONS = YES;
				CLANG_WARN_DIRECT_OBJC_ISA_USAGE = YES_ERROR;
				CLANG_WARN_DOCUMENTATION_COMMENTS = YES;
				CLANG_WARN_EMPTY_BODY = YES;
				CLANG_WARN_ENUM_CONVERSION = YES;
				CLANG_WARN_INFINITE_RECURSION = YES;
				CLANG_WARN_INT_CONVERSION = YES;
				CLANG_WARN_NON_LITERAL_NULL_CONVERSION = YES;
				CLANG_WARN_OBJC_IMPLICIT_RETAIN_SELF = YES;
				CLANG_WARN_OBJC_LITERAL_CONVERSION = YES;
				CLANG_WARN_OBJC_ROOT_CLASS = YES_ERROR;
				CLANG_WARN_QUOTED_INCLUDE_IN_FRAMEWORK_HEADER = YES;
				CLANG_WARN_RANGE_LOOP_ANALYSIS = YES;
				CLANG_WARN_STRICT_PROTOTYPES = YES;
				CLANG_WARN_SUSPICIOUS_MOVE = YES;
				CLANG_WARN_UNGUARDED_AVAILABILITY = YES_AGGRESSIVE;
				CLANG_WARN_UNREACHABLE_CODE = YES;
				CLANG_WARN__DUPLICATE_METHOD_MATCH = YES;
				COPY_PHASE_STRIP = NO;
				DEBUG_INFORMATION_FORMAT = "dwarf-with-dsym";
				ENABLE_NS_ASSERTIONS = NO;
				ENABLE_STRICT_OBJC_MSGSEND = YES;
				GCC_C_LANGUAGE_STANDARD = gnu11;
				GCC_NO_COMMON_BLOCKS = YES;
				GCC_WARN_64_TO_32_BIT_CONVERSION = YES;
				GCC_WARN_ABOUT_RETURN_TYPE = YES_ERROR;
				GCC_WARN_UNDECLARED_SELECTOR = YES;
				GCC_WARN_UNINITIALIZED_AUTOS = YES_AGGRESSIVE;
				GCC_WARN_UNUSED_FUNCTION = YES;
				GCC_WARN_UNUSED_VARIABLE = YES;
				IPHONEOS_DEPLOYMENT_TARGET = 15.5;
				MTL_ENABLE_DEBUG_INFO = NO;
				MTL_FAST_MATH = YES;
				SDKROOT = iphoneos;
				SWIFT_COMPILATION_MODE = wholemodule;
				SWIFT_OPTIMIZATION_LEVEL = "-O";
				VALIDATE_PRODUCT = YES;
			};
			name = Release;
		};
		E48E755829AB311D005DE928 /* Debug */ = {
			isa = XCBuildConfiguration;
			baseConfigurationReference = 435EF995C3E7AB61903F3989 /* Pods-WeatherUpdateSingapore.debug.xcconfig */;
			buildSettings = {
				ASSETCATALOG_COMPILER_APPICON_NAME = AppIcon;
				ASSETCATALOG_COMPILER_GLOBAL_ACCENT_COLOR_NAME = AccentColor;
				CODE_SIGN_STYLE = Automatic;
				CURRENT_PROJECT_VERSION = 1;
				GENERATE_INFOPLIST_FILE = YES;
				INFOPLIST_FILE = WeatherUpdateSingapore/Info.plist;
				INFOPLIST_KEY_NSLocationAlwaysUsageDescription = "Please allow to access location";
				INFOPLIST_KEY_NSLocationWhenInUseUsageDescription = "Please allow to access location";
				INFOPLIST_KEY_UIApplicationSupportsIndirectInputEvents = YES;
				INFOPLIST_KEY_UILaunchStoryboardName = LaunchScreen;
				INFOPLIST_KEY_UIMainStoryboardFile = Main;
				INFOPLIST_KEY_UISupportedInterfaceOrientations_iPad = "UIInterfaceOrientationPortrait UIInterfaceOrientationPortraitUpsideDown UIInterfaceOrientationLandscapeLeft UIInterfaceOrientationLandscapeRight";
				INFOPLIST_KEY_UISupportedInterfaceOrientations_iPhone = "UIInterfaceOrientationPortrait UIInterfaceOrientationLandscapeLeft UIInterfaceOrientationLandscapeRight";
				LD_RUNPATH_SEARCH_PATHS = (
					"$(inherited)",
					"@executable_path/Frameworks",
				);
				MARKETING_VERSION = 1.0;
				PRODUCT_BUNDLE_IDENTIFIER = com.capgemini.WeatherUpdateSingapore;
				PRODUCT_NAME = "$(TARGET_NAME)";
				SWIFT_EMIT_LOC_STRINGS = YES;
				SWIFT_VERSION = 5.0;
				TARGETED_DEVICE_FAMILY = "1,2";
			};
			name = Debug;
		};
		E48E755929AB311D005DE928 /* Release */ = {
			isa = XCBuildConfiguration;
			baseConfigurationReference = 775E2802AE24712ABA2DA9AB /* Pods-WeatherUpdateSingapore.release.xcconfig */;
			buildSettings = {
				ASSETCATALOG_COMPILER_APPICON_NAME = AppIcon;
				ASSETCATALOG_COMPILER_GLOBAL_ACCENT_COLOR_NAME = AccentColor;
				CODE_SIGN_STYLE = Automatic;
				CURRENT_PROJECT_VERSION = 1;
				GENERATE_INFOPLIST_FILE = YES;
				INFOPLIST_FILE = WeatherUpdateSingapore/Info.plist;
				INFOPLIST_KEY_NSLocationAlwaysUsageDescription = "Please allow to access location";
				INFOPLIST_KEY_NSLocationWhenInUseUsageDescription = "Please allow to access location";
				INFOPLIST_KEY_UIApplicationSupportsIndirectInputEvents = YES;
				INFOPLIST_KEY_UILaunchStoryboardName = LaunchScreen;
				INFOPLIST_KEY_UIMainStoryboardFile = Main;
				INFOPLIST_KEY_UISupportedInterfaceOrientations_iPad = "UIInterfaceOrientationPortrait UIInterfaceOrientationPortraitUpsideDown UIInterfaceOrientationLandscapeLeft UIInterfaceOrientationLandscapeRight";
				INFOPLIST_KEY_UISupportedInterfaceOrientations_iPhone = "UIInterfaceOrientationPortrait UIInterfaceOrientationLandscapeLeft UIInterfaceOrientationLandscapeRight";
				LD_RUNPATH_SEARCH_PATHS = (
					"$(inherited)",
					"@executable_path/Frameworks",
				);
				MARKETING_VERSION = 1.0;
				PRODUCT_BUNDLE_IDENTIFIER = com.capgemini.WeatherUpdateSingapore;
				PRODUCT_NAME = "$(TARGET_NAME)";
				SWIFT_EMIT_LOC_STRINGS = YES;
				SWIFT_VERSION = 5.0;
				TARGETED_DEVICE_FAMILY = "1,2";
			};
			name = Release;
		};
		E48E755B29AB311D005DE928 /* Debug */ = {
			isa = XCBuildConfiguration;
			baseConfigurationReference = 08D902DC87A8CC2FFB3054B8 /* Pods-WeatherUpdateSingaporeTests.debug.xcconfig */;
			buildSettings = {
				ALWAYS_EMBED_SWIFT_STANDARD_LIBRARIES = YES;
				BUNDLE_LOADER = "$(TEST_HOST)";
				CODE_SIGN_STYLE = Automatic;
				CURRENT_PROJECT_VERSION = 1;
				GENERATE_INFOPLIST_FILE = YES;
				IPHONEOS_DEPLOYMENT_TARGET = 15.5;
				MARKETING_VERSION = 1.0;
				PRODUCT_BUNDLE_IDENTIFIER = com.capgemini.WeatherUpdateSingaporeTests;
				PRODUCT_NAME = "$(TARGET_NAME)";
				SWIFT_EMIT_LOC_STRINGS = NO;
				SWIFT_VERSION = 5.0;
				TARGETED_DEVICE_FAMILY = "1,2";
				TEST_HOST = "$(BUILT_PRODUCTS_DIR)/WeatherUpdateSingapore.app/WeatherUpdateSingapore";
			};
			name = Debug;
		};
		E48E755C29AB311D005DE928 /* Release */ = {
			isa = XCBuildConfiguration;
			baseConfigurationReference = 36CF2D9BEF3616A3A36701F3 /* Pods-WeatherUpdateSingaporeTests.release.xcconfig */;
			buildSettings = {
				ALWAYS_EMBED_SWIFT_STANDARD_LIBRARIES = YES;
				BUNDLE_LOADER = "$(TEST_HOST)";
				CODE_SIGN_STYLE = Automatic;
				CURRENT_PROJECT_VERSION = 1;
				GENERATE_INFOPLIST_FILE = YES;
				IPHONEOS_DEPLOYMENT_TARGET = 15.5;
				MARKETING_VERSION = 1.0;
				PRODUCT_BUNDLE_IDENTIFIER = com.capgemini.WeatherUpdateSingaporeTests;
				PRODUCT_NAME = "$(TARGET_NAME)";
				SWIFT_EMIT_LOC_STRINGS = NO;
				SWIFT_VERSION = 5.0;
				TARGETED_DEVICE_FAMILY = "1,2";
				TEST_HOST = "$(BUILT_PRODUCTS_DIR)/WeatherUpdateSingapore.app/WeatherUpdateSingapore";
			};
			name = Release;
		};
		E48E755E29AB311D005DE928 /* Debug */ = {
			isa = XCBuildConfiguration;
			baseConfigurationReference = 980F57AD3105DA15D8D360DC /* Pods-WeatherUpdateSingapore-WeatherUpdateSingaporeUITests.debug.xcconfig */;
			buildSettings = {
				ALWAYS_EMBED_SWIFT_STANDARD_LIBRARIES = YES;
				CODE_SIGN_STYLE = Automatic;
				CURRENT_PROJECT_VERSION = 1;
				GENERATE_INFOPLIST_FILE = YES;
				MARKETING_VERSION = 1.0;
				PRODUCT_BUNDLE_IDENTIFIER = com.capgemini.WeatherUpdateSingaporeUITests;
				PRODUCT_NAME = "$(TARGET_NAME)";
				SWIFT_EMIT_LOC_STRINGS = NO;
				SWIFT_VERSION = 5.0;
				TARGETED_DEVICE_FAMILY = "1,2";
				TEST_TARGET_NAME = WeatherUpdateSingapore;
			};
			name = Debug;
		};
		E48E755F29AB311D005DE928 /* Release */ = {
			isa = XCBuildConfiguration;
			baseConfigurationReference = 981A14C4CFB1C0AA11405ECF /* Pods-WeatherUpdateSingapore-WeatherUpdateSingaporeUITests.release.xcconfig */;
			buildSettings = {
				ALWAYS_EMBED_SWIFT_STANDARD_LIBRARIES = YES;
				CODE_SIGN_STYLE = Automatic;
				CURRENT_PROJECT_VERSION = 1;
				GENERATE_INFOPLIST_FILE = YES;
				MARKETING_VERSION = 1.0;
				PRODUCT_BUNDLE_IDENTIFIER = com.capgemini.WeatherUpdateSingaporeUITests;
				PRODUCT_NAME = "$(TARGET_NAME)";
				SWIFT_EMIT_LOC_STRINGS = NO;
				SWIFT_VERSION = 5.0;
				TARGETED_DEVICE_FAMILY = "1,2";
				TEST_TARGET_NAME = WeatherUpdateSingapore;
			};
			name = Release;
		};
/* End XCBuildConfiguration section */

/* Begin XCConfigurationList section */
		E48E752529AB311B005DE928 /* Build configuration list for PBXProject "WeatherUpdateSingapore" */ = {
			isa = XCConfigurationList;
			buildConfigurations = (
				E48E755529AB311D005DE928 /* Debug */,
				E48E755629AB311D005DE928 /* Release */,
			);
			defaultConfigurationIsVisible = 0;
			defaultConfigurationName = Release;
		};
		E48E755729AB311D005DE928 /* Build configuration list for PBXNativeTarget "WeatherUpdateSingapore" */ = {
			isa = XCConfigurationList;
			buildConfigurations = (
				E48E755829AB311D005DE928 /* Debug */,
				E48E755929AB311D005DE928 /* Release */,
			);
			defaultConfigurationIsVisible = 0;
			defaultConfigurationName = Release;
		};
		E48E755A29AB311D005DE928 /* Build configuration list for PBXNativeTarget "WeatherUpdateSingaporeTests" */ = {
			isa = XCConfigurationList;
			buildConfigurations = (
				E48E755B29AB311D005DE928 /* Debug */,
				E48E755C29AB311D005DE928 /* Release */,
			);
			defaultConfigurationIsVisible = 0;
			defaultConfigurationName = Release;
		};
		E48E755D29AB311D005DE928 /* Build configuration list for PBXNativeTarget "WeatherUpdateSingaporeUITests" */ = {
			isa = XCConfigurationList;
			buildConfigurations = (
				E48E755E29AB311D005DE928 /* Debug */,
				E48E755F29AB311D005DE928 /* Release */,
			);
			defaultConfigurationIsVisible = 0;
			defaultConfigurationName = Release;
		};
/* End XCConfigurationList section */

/* Begin XCVersionGroup section */
		E48E753629AB311B005DE928 /* WeatherUpdateSingapore.xcdatamodeld */ = {
			isa = XCVersionGroup;
			children = (
				E48E753729AB311B005DE928 /* WeatherUpdateSingapore.xcdatamodel */,
			);
			currentVersion = E48E753729AB311B005DE928 /* WeatherUpdateSingapore.xcdatamodel */;
			path = WeatherUpdateSingapore.xcdatamodeld;
			sourceTree = "<group>";
			versionGroupType = wrapper.xcdatamodel;
		};
/* End XCVersionGroup section */
	};
	rootObject = E48E752229AB311B005DE928 /* Project object */;
}
